
Microsoft Visual Studio Solution File, Format Version 12.00
# Visual Studio Version 17
VisualStudioVersion = 17.4.33103.184
MinimumVisualStudioVersion = 10.0.40219.1
Project("{FAE04EC0-301F-11D3-BF4B-00C04F79EFBC}") = "Dan.EntityRegistryProxy", "src\Dan.EntityRegistryProxy\Dan.EntityRegistryProxy.csproj", "{D9F62852-40ED-4D00-AF8C-BD68962CDC5D}"
EndProject
Global
	GlobalSection(SolutionConfigurationPlatforms) = preSolution
		Debug|Any CPU = Debug|Any CPU
		Release|Any CPU = Release|Any CPU
	EndGlobalSection
	GlobalSection(ProjectConfigurationPlatforms) = postSolution
		{D9F62852-40ED-4D00-AF8C-BD68962CDC5D}.Debug|Any CPU.ActiveCfg = Debug|Any CPU
		{D9F62852-40ED-4D00-AF8C-BD68962CDC5D}.Debug|Any CPU.Build.0 = Debug|Any CPU
		{D9F62852-40ED-4D00-AF8C-BD68962CDC5D}.Release|Any CPU.ActiveCfg = Release|Any CPU
		{D9F62852-40ED-4D00-AF8C-BD68962CDC5D}.Release|Any CPU.Build.0 = Release|Any CPU
	EndGlobalSection
	GlobalSection(SolutionProperties) = preSolution
		HideSolutionNode = FALSE
	EndGlobalSection
	GlobalSection(ExtensibilityGlobals) = postSolution
		SolutionGuid = {53F16216-7571-493E-B496-463AC27D71B0}
	EndGlobalSection
EndGlobal
